
Microsoft Visual Studio Solution File, Format Version 12.00
# Visual Studio Version 16
VisualStudioVersion = 16.0.31402.337
MinimumVisualStudioVersion = 10.0.40219.1
Project("{9A19103F-16F7-4668-BE54-9A1E7A4F7556}") = "Dungeons", "Dungeons.csproj", "{7BE75D3E-AA87-4E3F-9B45-F8ED4F61E945}"
EndProject
Project("{FAE04EC0-301F-11D3-BF4B-00C04F79EFBC}") = "DungeonsTests", "DungeonsTests\DungeonsTests.csproj", "{1940AFE1-2E3B-41CE-8CA5-C81F3E53DDED}"
EndProject
Global
	GlobalSection(SolutionConfigurationPlatforms) = preSolution
		Debug|Any CPU = Debug|Any CPU
		Release|Any CPU = Release|Any CPU
	EndGlobalSection
	GlobalSection(ProjectConfigurationPlatforms) = postSolution
		{7BE75D3E-AA87-4E3F-9B45-F8ED4F61E945}.Debug|Any CPU.ActiveCfg = Debug|Any CPU
		{7BE75D3E-AA87-4E3F-9B45-F8ED4F61E945}.Debug|Any CPU.Build.0 = Debug|Any CPU
		{7BE75D3E-AA87-4E3F-9B45-F8ED4F61E945}.Release|Any CPU.ActiveCfg = Release|Any CPU
		{7BE75D3E-AA87-4E3F-9B45-F8ED4F61E945}.Release|Any CPU.Build.0 = Release|Any CPU
		{1940AFE1-2E3B-41CE-8CA5-C81F3E53DDED}.Debug|Any CPU.ActiveCfg = Debug|Any CPU
		{1940AFE1-2E3B-41CE-8CA5-C81F3E53DDED}.Debug|Any CPU.Build.0 = Debug|Any CPU
		{1940AFE1-2E3B-41CE-8CA5-C81F3E53DDED}.Release|Any CPU.ActiveCfg = Release|Any CPU
		{1940AFE1-2E3B-41CE-8CA5-C81F3E53DDED}.Release|Any CPU.Build.0 = Release|Any CPU
	EndGlobalSection
	GlobalSection(SolutionProperties) = preSolution
		HideSolutionNode = FALSE
	EndGlobalSection
	GlobalSection(ExtensibilityGlobals) = postSolution
		SolutionGuid = {BEEB4395-2AD2-4D48-8351-0200F7E035EC}
	EndGlobalSection
EndGlobal
